// !$*UTF8*$!
{
	archiveVersion = 1;
	classes = {
	};
	objectVersion = 50;
	objects = {

/* Begin PBXBuildFile section */
		E6ECA64B2248BE1E00FDA0DE /* AppDelegate.swift in Sources */ = {isa = PBXBuildFile; fileRef = E6ECA64A2248BE1E00FDA0DE /* AppDelegate.swift */; };
		E6ECA64D2248BE1E00FDA0DE /* ViewController.swift in Sources */ = {isa = PBXBuildFile; fileRef = E6ECA64C2248BE1E00FDA0DE /* ViewController.swift */; };
		E6ECA6502248BE1E00FDA0DE /* Main.storyboard in Resources */ = {isa = PBXBuildFile; fileRef = E6ECA64E2248BE1E00FDA0DE /* Main.storyboard */; };
		E6ECA6522248BE1F00FDA0DE /* Assets.xcassets in Resources */ = {isa = PBXBuildFile; fileRef = E6ECA6512248BE1F00FDA0DE /* Assets.xcassets */; };
		E6ECA6552248BE1F00FDA0DE /* LaunchScreen.storyboard in Resources */ = {isa = PBXBuildFile; fileRef = E6ECA6532248BE1F00FDA0DE /* LaunchScreen.storyboard */; };
		E6ECA67D2248C7B700FDA0DE /* SecondViewController.swift in Sources */ = {isa = PBXBuildFile; fileRef = E6ECA67C2248C7B700FDA0DE /* SecondViewController.swift */; };
/* End PBXBuildFile section */

/* Begin PBXFileReference section */
		E6ECA6472248BE1E00FDA0DE /* AlertController_storybord.app */ = {isa = PBXFileReference; explicitFileType = wrapper.application; includeInIndex = 0; path = AlertController_storybord.app; sourceTree = BUILT_PRODUCTS_DIR; };
		E6ECA64A2248BE1E00FDA0DE /* AppDelegate.swift */ = {isa = PBXFileReference; lastKnownFileType = sourcecode.swift; path = AppDelegate.swift; sourceTree = "<group>"; };
		E6ECA64C2248BE1E00FDA0DE /* ViewController.swift */ = {isa = PBXFileReference; lastKnownFileType = sourcecode.swift; path = ViewController.swift; sourceTree = "<group>"; };
		E6ECA64F2248BE1E00FDA0DE /* Base */ = {isa = PBXFileReference; lastKnownFileType = file.storyboard; name = Base; path = Base.lproj/Main.storyboard; sourceTree = "<group>"; };
		E6ECA6512248BE1F00FDA0DE /* Assets.xcassets */ = {isa = PBXFileReference; lastKnownFileType = folder.assetcatalog; path = Assets.xcassets; sourceTree = "<group>"; };
		E6ECA6542248BE1F00FDA0DE /* Base */ = {isa = PBXFileReference; lastKnownFileType = file.storyboard; name = Base; path = Base.lproj/LaunchScreen.storyboard; sourceTree = "<group>"; };
		E6ECA6562248BE1F00FDA0DE /* Info.plist */ = {isa = PBXFileReference; lastKnownFileType = text.plist.xml; path = Info.plist; sourceTree = "<group>"; };
		E6ECA67C2248C7B700FDA0DE /* SecondViewController.swift */ = {isa = PBXFileReference; lastKnownFileType = sourcecode.swift; path = SecondViewController.swift; sourceTree = "<group>"; };
/* End PBXFileReference section */

/* Begin PBXFrameworksBuildPhase section */
		E6ECA6442248BE1E00FDA0DE /* Frameworks */ = {
			isa = PBXFrameworksBuildPhase;
			buildActionMask = 2147483647;
			files = (
			);
			runOnlyForDeploymentPostprocessing = 0;
		};
/* End PBXFrameworksBuildPhase section */

/* Begin PBXGroup section */
		E6ECA63E2248BE1E00FDA0DE = {
			isa = PBXGroup;
			children = (
				E6ECA6492248BE1E00FDA0DE /* AlertController_storybord */,
				E6ECA6482248BE1E00FDA0DE /* Products */,
			);
			sourceTree = "<group>";
		};
		E6ECA6482248BE1E00FDA0DE /* Products */ = {
			isa = PBXGroup;
			children = (
				E6ECA6472248BE1E00FDA0DE /* AlertController_storybord.app */,
			);
			name = Products;
			sourceTree = "<group>";
		};
		E6ECA6492248BE1E00FDA0DE /* AlertController_storybord */ = {
			isa = PBXGroup;
			children = (
				E6ECA64A2248BE1E00FDA0DE /* AppDelegate.swift */,
				E6ECA64C2248BE1E00FDA0DE /* ViewController.swift */,
				E6ECA67C2248C7B700FDA0DE /* SecondViewController.swift */,
				E6ECA64E2248BE1E00FDA0DE /* Main.storyboard */,
				E6ECA6512248BE1F00FDA0DE /* Assets.xcassets */,
				E6ECA6532248BE1F00FDA0DE /* LaunchScreen.storyboard */,
				E6ECA6562248BE1F00FDA0DE /* Info.plist */,
			);
			path = AlertController_storybord;
			sourceTree = "<group>";
		};
/* End PBXGroup section */

/* Begin PBXNativeTarget section */
		E6ECA6462248BE1E00FDA0DE /* AlertController_storybord */ = {
			isa = PBXNativeTarget;
			buildConfigurationList = E6ECA6592248BE1F00FDA0DE /* Build configuration list for PBXNativeTarget "AlertController_storybord" */;
			buildPhases = (
				E6ECA6432248BE1E00FDA0DE /* Sources */,
				E6ECA6442248BE1E00FDA0DE /* Frameworks */,
				E6ECA6452248BE1E00FDA0DE /* Resources */,
			);
			buildRules = (
			);
			dependencies = (
			);
			name = AlertController_storybord;
			productName = AlertController_storybord;
			productReference = E6ECA6472248BE1E00FDA0DE /* AlertController_storybord.app */;
			productType = "com.apple.product-type.application";
		};
/* End PBXNativeTarget section */

/* Begin PBXProject section */
		E6ECA63F2248BE1E00FDA0DE /* Project object */ = {
			isa = PBXProject;
			attributes = {
				LastSwiftUpdateCheck = 1010;
				LastUpgradeCheck = 1010;
				ORGANIZATIONNAME = "차수연";
				TargetAttributes = {
					E6ECA6462248BE1E00FDA0DE = {
						CreatedOnToolsVersion = 10.1;
					};
				};
			};
			buildConfigurationList = E6ECA6422248BE1E00FDA0DE /* Build configuration list for PBXProject "AlertController_storybord" */;
			compatibilityVersion = "Xcode 9.3";
			developmentRegion = en;
			hasScannedForEncodings = 0;
			knownRegions = (
				en,
				Base,
			);
			mainGroup = E6ECA63E2248BE1E00FDA0DE;
			productRefGroup = E6ECA6482248BE1E00FDA0DE /* Products */;
			projectDirPath = "";
			projectRoot = "";
			targets = (
				E6ECA6462248BE1E00FDA0DE /* AlertController_storybord */,
			);
		};
/* End PBXProject section */

/* Begin PBXResourcesBuildPhase section */
		E6ECA6452248BE1E00FDA0DE /* Resources */ = {
			isa = PBXResourcesBuildPhase;
			buildActionMask = 2147483647;
			files = (
				E6ECA6552248BE1F00FDA0DE /* LaunchScreen.storyboard in Resources */,
				E6ECA6522248BE1F00FDA0DE /* Assets.xcassets in Resources */,
				E6ECA6502248BE1E00FDA0DE /* Main.storyboard in Resources */,
			);
			runOnlyForDeploymentPostprocessing = 0;
		};
/* End PBXResourcesBuildPhase section */

/* Begin PBXSourcesBuildPhase section */
		E6ECA6432248BE1E00FDA0DE /* Sources */ = {
			isa = PBXSourcesBuildPhase;
			buildActionMask = 2147483647;
			files = (
				E6ECA67D2248C7B700FDA0DE /* SecondViewController.swift in Sources */,
				E6ECA64D2248BE1E00FDA0DE /* ViewController.swift in Sources */,
				E6ECA64B2248BE1E00FDA0DE /* AppDelegate.swift in Sources */,
			);
			runOnlyForDeploymentPostprocessing = 0;
		};
/* End PBXSourcesBuildPhase section */

/* Begin PBXVariantGroup section */
		E6ECA64E2248BE1E00FDA0DE /* Main.storyboard */ = {
			isa = PBXVariantGroup;
			children = (
				E6ECA64F2248BE1E00FDA0DE /* Base */,
			);
			name = Main.storyboard;
			sourceTree = "<group>";
		};
		E6ECA6532248BE1F00FDA0DE /* LaunchScreen.storyboard */ = {
			isa = PBXVariantGroup;
			children = (
				E6ECA6542248BE1F00FDA0DE /* Base */,
			);
			name = LaunchScreen.storyboard;
			sourceTree = "<group>";
		};
/* End PBXVariantGroup section */

/* Begin XCBuildConfiguration section */
		E6ECA6572248BE1F00FDA0DE /* Debug */ = {
			isa = XCBuildConfiguration;
			buildSettings = {
				ALWAYS_SEARCH_USER_PATHS = NO;
				CLANG_ANALYZER_NONNULL = YES;
				CLANG_ANALYZER_NUMBER_OBJECT_CONVERSION = YES_AGGRESSIVE;
				CLANG_CXX_LANGUAGE_STANDARD = "gnu++14";
				CLANG_CXX_LIBRARY = "libc++";
				CLANG_ENABLE_MODULES = YES;
				CLANG_ENABLE_OBJC_ARC = YES;
				CLANG_ENABLE_OBJC_WEAK = YES;
				CLANG_WARN_BLOCK_CAPTURE_AUTORELEASING = YES;
				CLANG_WARN_BOOL_CONVERSION = YES;
				CLANG_WARN_COMMA = YES;
				CLANG_WARN_CONSTANT_CONVERSION = YES;
				CLANG_WARN_DEPRECATED_OBJC_IMPLEMENTATIONS = YES;
				CLANG_WARN_DIRECT_OBJC_ISA_USAGE = YES_ERROR;
				CLANG_WARN_DOCUMENTATION_COMMENTS = YES;
				CLANG_WARN_EMPTY_BODY = YES;
				CLANG_WARN_ENUM_CONVERSION = YES;
				CLANG_WARN_INFINITE_RECURSION = YES;
				CLANG_WARN_INT_CONVERSION = YES;
				CLANG_WARN_NON_LITERAL_NULL_CONVERSION = YES;
				CLANG_WARN_OBJC_IMPLICIT_RETAIN_SELF = YES;
				CLANG_WARN_OBJC_LITERAL_CONVERSION = YES;
				CLANG_WARN_OBJC_ROOT_CLASS = YES_ERROR;
				CLANG_WARN_RANGE_LOOP_ANALYSIS = YES;
				CLANG_WARN_STRICT_PROTOTYPES = YES;
				CLANG_WARN_SUSPICIOUS_MOVE = YES;
				CLANG_WARN_UNGUARDED_AVAILABILITY = YES_AGGRESSIVE;
				CLANG_WARN_UNREACHABLE_CODE = YES;
				CLANG_WARN__DUPLICATE_METHOD_MATCH = YES;
				CODE_SIGN_IDENTITY = "iPhone Developer";
				COPY_PHASE_STRIP = NO;
				DEBUG_INFORMATION_FORMAT = dwarf;
				ENABLE_STRICT_OBJC_MSGSEND = YES;
				ENABLE_TESTABILITY = YES;
				GCC_C_LANGUAGE_STANDARD = gnu11;
				GCC_DYNAMIC_NO_PIC = NO;
				GCC_NO_COMMON_BLOCKS = YES;
				GCC_OPTIMIZATION_LEVEL = 0;
				GCC_PREPROCESSOR_DEFINITIONS = (
					"DEBUG=1",
					"$(inherited)",
				);
				GCC_WARN_64_TO_32_BIT_CONVERSION = YES;
				GCC_WARN_ABOUT_RETURN_TYPE = YES_ERROR;
				GCC_WARN_UNDECLARED_SELECTOR = YES;
				GCC_WARN_UNINITIALIZED_AUTOS = YES_AGGRESSIVE;
				GCC_WARN_UNUSED_FUNCTION = YES;
				GCC_WARN_UNUSED_VARIABLE = YES;
				IPHONEOS_DEPLOYMENT_TARGET = 12.1;
				MTL_ENABLE_DEBUG_INFO = INCLUDE_SOURCE;
				MTL_FAST_MATH = YES;
				ONLY_ACTIVE_ARCH = YES;
				SDKROOT = iphoneos;
				SWIFT_ACTIVE_COMPILATION_CONDITIONS = DEBUG;
				SWIFT_OPTIMIZATION_LEVEL = "-Onone";
			};
			name = Debug;
		};
		E6ECA6582248BE1F00FDA0DE /* Release */ = {
			isa = XCBuildConfiguration;
			buildSettings = {
				ALWAYS_SEARCH_USER_PATHS = NO;
				CLANG_ANALYZER_NONNULL = YES;
				CLANG_ANALYZER_NUMBER_OBJECT_CONVERSION = YES_AGGRESSIVE;
				CLANG_CXX_LANGUAGE_STANDARD = "gnu++14";
				CLANG_CXX_LIBRARY = "libc++";
				CLANG_ENABLE_MODULES = YES;
				CLANG_ENABLE_OBJC_ARC = YES;
				CLANG_ENABLE_OBJC_WEAK = YES;
				CLANG_WARN_BLOCK_CAPTURE_AUTORELEASING = YES;
				CLANG_WARN_BOOL_CONVERSION = YES;
				CLANG_WARN_COMMA = YES;
				CLANG_WARN_CONSTANT_CONVERSION = YES;
				CLANG_WARN_DEPRECATED_OBJC_IMPLEMENTATIONS = YES;
				CLANG_WARN_DIRECT_OBJC_ISA_USAGE = YES_ERROR;
				CLANG_WARN_DOCUMENTATION_COMMENTS = YES;
				CLANG_WARN_EMPTY_BODY = YES;
				CLANG_WARN_ENUM_CONVERSION = YES;
				CLANG_WARN_INFINITE_RECURSION = YES;
				CLANG_WARN_INT_CONVERSION = YES;
				CLANG_WARN_NON_LITERAL_NULL_CONVERSION = YES;
				CLANG_WARN_OBJC_IMPLICIT_RETAIN_SELF = YES;
				CLANG_WARN_OBJC_LITERAL_CONVERSION = YES;
				CLANG_WARN_OBJC_ROOT_CLASS = YES_ERROR;
				CLANG_WARN_RANGE_LOOP_ANALYSIS = YES;
				CLANG_WARN_STRICT_PROTOTYPES = YES;
				CLANG_WARN_SUSPICIOUS_MOVE = YES;
				CLANG_WARN_UNGUARDED_AVAILABILITY = YES_AGGRESSIVE;
				CLANG_WARN_UNREACHABLE_CODE = YES;
				CLANG_WARN__DUPLICATE_METHOD_MATCH = YES;
				CODE_SIGN_IDENTITY = "iPhone Developer";
				COPY_PHASE_STRIP = NO;
				DEBUG_INFORMATION_FORMAT = "dwarf-with-dsym";
				ENABLE_NS_ASSERTIONS = NO;
				ENABLE_STRICT_OBJC_MSGSEND = YES;
				GCC_C_LANGUAGE_STANDARD = gnu11;
				GCC_NO_COMMON_BLOCKS = YES;
				GCC_WARN_64_TO_32_BIT_CONVERSION = YES;
				GCC_WARN_ABOUT_RETURN_TYPE = YES_ERROR;
				GCC_WARN_UNDECLARED_SELECTOR = YES;
				GCC_WARN_UNINITIALIZED_AUTOS = YES_AGGRESSIVE;
				GCC_WARN_UNUSED_FUNCTION = YES;
				GCC_WARN_UNUSED_VARIABLE = YES;
				IPHONEOS_DEPLOYMENT_TARGET = 12.1;
				MTL_ENABLE_DEBUG_INFO = NO;
				MTL_FAST_MATH = YES;
				SDKROOT = iphoneos;
				SWIFT_COMPILATION_MODE = wholemodule;
				SWIFT_OPTIMIZATION_LEVEL = "-O";
				VALIDATE_PRODUCT = YES;
			};
			name = Release;
		};
		E6ECA65A2248BE1F00FDA0DE /* Debug */ = {
			isa = XCBuildConfiguration;
			buildSettings = {
				ASSETCATALOG_COMPILER_APPICON_NAME = AppIcon;
				CODE_SIGN_STYLE = Automatic;
				INFOPLIST_FILE = AlertController_storybord/Info.plist;
				LD_RUNPATH_SEARCH_PATHS = (
					"$(inherited)",
					"@executable_path/Frameworks",
				);
				PRODUCT_BUNDLE_IDENTIFIER = "com.example.AlertController-storybord";
				PRODUCT_NAME = "$(TARGET_NAME)";
				SWIFT_VERSION = 4.2;
				TARGETED_DEVICE_FAMILY = "1,2";
			};
			name = Debug;
		};
		E6ECA65B2248BE1F00FDA0DE /* Release */ = {
			isa = XCBuildConfiguration;
			buildSettings = {
				ASSETCATALOG_COMPILER_APPICON_NAME = AppIcon;
				CODE_SIGN_STYLE = Automatic;
				INFOPLIST_FILE = AlertController_storybord/Info.plist;
				LD_RUNPATH_SEARCH_PATHS = (
					"$(inherited)",
					"@executable_path/Frameworks",
				);
				PRODUCT_BUNDLE_IDENTIFIER = "com.example.AlertController-storybord";
				PRODUCT_NAME = "$(TARGET_NAME)";
				SWIFT_VERSION = 4.2;
				TARGETED_DEVICE_FAMILY = "1,2";
			};
			name = Release;
		};
/* End XCBuildConfiguration section */

/* Begin XCConfigurationList section */
		E6ECA6422248BE1E00FDA0DE /* Build configuration list for PBXProject "AlertController_storybord" */ = {
			isa = XCConfigurationList;
			buildConfigurations = (
				E6ECA6572248BE1F00FDA0DE /* Debug */,
				E6ECA6582248BE1F00FDA0DE /* Release */,
			);
			defaultConfigurationIsVisible = 0;
			defaultConfigurationName = Release;
		};
		E6ECA6592248BE1F00FDA0DE /* Build configuration list for PBXNativeTarget "AlertController_storybord" */ = {
			isa = XCConfigurationList;
			buildConfigurations = (
				E6ECA65A2248BE1F00FDA0DE /* Debug */,
				E6ECA65B2248BE1F00FDA0DE /* Release */,
			);
			defaultConfigurationIsVisible = 0;
			defaultConfigurationName = Release;
		};
/* End XCConfigurationList section */
	};
	rootObject = E6ECA63F2248BE1E00FDA0DE /* Project object */;
}
