// !$*UTF8*$!
{
	archiveVersion = 1;
	classes = {
	};
	objectVersion = 50;
	objects = {

/* Begin PBXBuildFile section */
		E6094AC522F414CC008407EA /* AppDelegate.swift in Sources */ = {isa = PBXBuildFile; fileRef = E6094AC422F414CC008407EA /* AppDelegate.swift */; };
		E6094AC722F414CC008407EA /* ViewController.swift in Sources */ = {isa = PBXBuildFile; fileRef = E6094AC622F414CC008407EA /* ViewController.swift */; };
		E6094ACC22F414CE008407EA /* Assets.xcassets in Resources */ = {isa = PBXBuildFile; fileRef = E6094ACB22F414CE008407EA /* Assets.xcassets */; };
		E6094ACF22F414CE008407EA /* LaunchScreen.storyboard in Resources */ = {isa = PBXBuildFile; fileRef = E6094ACD22F414CE008407EA /* LaunchScreen.storyboard */; };
		E6094AD922F41940008407EA /* SettingTopView.swift in Sources */ = {isa = PBXBuildFile; fileRef = E6094AD822F4193F008407EA /* SettingTopView.swift */; };
		E6094ADB22F41B06008407EA /* SettingContentView.swift in Sources */ = {isa = PBXBuildFile; fileRef = E6094ADA22F41B06008407EA /* SettingContentView.swift */; };
/* End PBXBuildFile section */

/* Begin PBXFileReference section */
		E6094AC122F414CC008407EA /* 190802MegaboxSettingExample.app */ = {isa = PBXFileReference; explicitFileType = wrapper.application; includeInIndex = 0; path = 190802MegaboxSettingExample.app; sourceTree = BUILT_PRODUCTS_DIR; };
		E6094AC422F414CC008407EA /* AppDelegate.swift */ = {isa = PBXFileReference; lastKnownFileType = sourcecode.swift; path = AppDelegate.swift; sourceTree = "<group>"; };
		E6094AC622F414CC008407EA /* ViewController.swift */ = {isa = PBXFileReference; lastKnownFileType = sourcecode.swift; path = ViewController.swift; sourceTree = "<group>"; };
		E6094ACB22F414CE008407EA /* Assets.xcassets */ = {isa = PBXFileReference; lastKnownFileType = folder.assetcatalog; path = Assets.xcassets; sourceTree = "<group>"; };
		E6094ACE22F414CE008407EA /* Base */ = {isa = PBXFileReference; lastKnownFileType = file.storyboard; name = Base; path = Base.lproj/LaunchScreen.storyboard; sourceTree = "<group>"; };
		E6094AD022F414CE008407EA /* Info.plist */ = {isa = PBXFileReference; lastKnownFileType = text.plist.xml; path = Info.plist; sourceTree = "<group>"; };
		E6094AD822F4193F008407EA /* SettingTopView.swift */ = {isa = PBXFileReference; lastKnownFileType = sourcecode.swift; path = SettingTopView.swift; sourceTree = "<group>"; };
		E6094ADA22F41B06008407EA /* SettingContentView.swift */ = {isa = PBXFileReference; lastKnownFileType = sourcecode.swift; path = SettingContentView.swift; sourceTree = "<group>"; };
/* End PBXFileReference section */

/* Begin PBXFrameworksBuildPhase section */
		E6094ABE22F414CC008407EA /* Frameworks */ = {
			isa = PBXFrameworksBuildPhase;
			buildActionMask = 2147483647;
			files = (
			);
			runOnlyForDeploymentPostprocessing = 0;
		};
/* End PBXFrameworksBuildPhase section */

/* Begin PBXGroup section */
		E6094AB822F414CC008407EA = {
			isa = PBXGroup;
			children = (
				E6094AC322F414CC008407EA /* 190802MegaboxSettingExample */,
				E6094AC222F414CC008407EA /* Products */,
			);
			sourceTree = "<group>";
		};
		E6094AC222F414CC008407EA /* Products */ = {
			isa = PBXGroup;
			children = (
				E6094AC122F414CC008407EA /* 190802MegaboxSettingExample.app */,
			);
			name = Products;
			sourceTree = "<group>";
		};
		E6094AC322F414CC008407EA /* 190802MegaboxSettingExample */ = {
			isa = PBXGroup;
			children = (
				E6094AD722F4151F008407EA /* VC */,
				E6094AC422F414CC008407EA /* AppDelegate.swift */,
				E6094AD622F41518008407EA /* View */,
				E6094ACB22F414CE008407EA /* Assets.xcassets */,
				E6094ACD22F414CE008407EA /* LaunchScreen.storyboard */,
				E6094AD022F414CE008407EA /* Info.plist */,
			);
			path = 190802MegaboxSettingExample;
			sourceTree = "<group>";
		};
		E6094AD622F41518008407EA /* View */ = {
			isa = PBXGroup;
			children = (
				E6094AD822F4193F008407EA /* SettingTopView.swift */,
				E6094ADA22F41B06008407EA /* SettingContentView.swift */,
			);
			path = View;
			sourceTree = "<group>";
		};
		E6094AD722F4151F008407EA /* VC */ = {
			isa = PBXGroup;
			children = (
				E6094AC622F414CC008407EA /* ViewController.swift */,
			);
			path = VC;
			sourceTree = "<group>";
		};
/* End PBXGroup section */

/* Begin PBXNativeTarget section */
		E6094AC022F414CC008407EA /* 190802MegaboxSettingExample */ = {
			isa = PBXNativeTarget;
			buildConfigurationList = E6094AD322F414CE008407EA /* Build configuration list for PBXNativeTarget "190802MegaboxSettingExample" */;
			buildPhases = (
				E6094ABD22F414CC008407EA /* Sources */,
				E6094ABE22F414CC008407EA /* Frameworks */,
				E6094ABF22F414CC008407EA /* Resources */,
			);
			buildRules = (
			);
			dependencies = (
			);
			name = 190802MegaboxSettingExample;
			productName = 190802MegaboxSettingExample;
			productReference = E6094AC122F414CC008407EA /* 190802MegaboxSettingExample.app */;
			productType = "com.apple.product-type.application";
		};
/* End PBXNativeTarget section */

/* Begin PBXProject section */
		E6094AB922F414CC008407EA /* Project object */ = {
			isa = PBXProject;
			attributes = {
				LastSwiftUpdateCheck = 1020;
				LastUpgradeCheck = 1020;
				ORGANIZATIONNAME = "차수연";
				TargetAttributes = {
					E6094AC022F414CC008407EA = {
						CreatedOnToolsVersion = 10.2;
					};
				};
			};
			buildConfigurationList = E6094ABC22F414CC008407EA /* Build configuration list for PBXProject "190802MegaboxSettingExample" */;
			compatibilityVersion = "Xcode 9.3";
			developmentRegion = en;
			hasScannedForEncodings = 0;
			knownRegions = (
				en,
				Base,
			);
			mainGroup = E6094AB822F414CC008407EA;
			productRefGroup = E6094AC222F414CC008407EA /* Products */;
			projectDirPath = "";
			projectRoot = "";
			targets = (
				E6094AC022F414CC008407EA /* 190802MegaboxSettingExample */,
			);
		};
/* End PBXProject section */

/* Begin PBXResourcesBuildPhase section */
		E6094ABF22F414CC008407EA /* Resources */ = {
			isa = PBXResourcesBuildPhase;
			buildActionMask = 2147483647;
			files = (
				E6094ACF22F414CE008407EA /* LaunchScreen.storyboard in Resources */,
				E6094ACC22F414CE008407EA /* Assets.xcassets in Resources */,
			);
			runOnlyForDeploymentPostprocessing = 0;
		};
/* End PBXResourcesBuildPhase section */

/* Begin PBXSourcesBuildPhase section */
		E6094ABD22F414CC008407EA /* Sources */ = {
			isa = PBXSourcesBuildPhase;
			buildActionMask = 2147483647;
			files = (
				E6094AC722F414CC008407EA /* ViewController.swift in Sources */,
				E6094AC522F414CC008407EA /* AppDelegate.swift in Sources */,
				E6094AD922F41940008407EA /* SettingTopView.swift in Sources */,
				E6094ADB22F41B06008407EA /* SettingContentView.swift in Sources */,
			);
			runOnlyForDeploymentPostprocessing = 0;
		};
/* End PBXSourcesBuildPhase section */

/* Begin PBXVariantGroup section */
		E6094ACD22F414CE008407EA /* LaunchScreen.storyboard */ = {
			isa = PBXVariantGroup;
			children = (
				E6094ACE22F414CE008407EA /* Base */,
			);
			name = LaunchScreen.storyboard;
			sourceTree = "<group>";
		};
/* End PBXVariantGroup section */

/* Begin XCBuildConfiguration section */
		E6094AD122F414CE008407EA /* Debug */ = {
			isa = XCBuildConfiguration;
			buildSettings = {
				ALWAYS_SEARCH_USER_PATHS = NO;
				CLANG_ANALYZER_NONNULL = YES;
				CLANG_ANALYZER_NUMBER_OBJECT_CONVERSION = YES_AGGRESSIVE;
				CLANG_CXX_LANGUAGE_STANDARD = "gnu++14";
				CLANG_CXX_LIBRARY = "libc++";
				CLANG_ENABLE_MODULES = YES;
				CLANG_ENABLE_OBJC_ARC = YES;
				CLANG_ENABLE_OBJC_WEAK = YES;
				CLANG_WARN_BLOCK_CAPTURE_AUTORELEASING = YES;
				CLANG_WARN_BOOL_CONVERSION = YES;
				CLANG_WARN_COMMA = YES;
				CLANG_WARN_CONSTANT_CONVERSION = YES;
				CLANG_WARN_DEPRECATED_OBJC_IMPLEMENTATIONS = YES;
				CLANG_WARN_DIRECT_OBJC_ISA_USAGE = YES_ERROR;
				CLANG_WARN_DOCUMENTATION_COMMENTS = YES;
				CLANG_WARN_EMPTY_BODY = YES;
				CLANG_WARN_ENUM_CONVERSION = YES;
				CLANG_WARN_INFINITE_RECURSION = YES;
				CLANG_WARN_INT_CONVERSION = YES;
				CLANG_WARN_NON_LITERAL_NULL_CONVERSION = YES;
				CLANG_WARN_OBJC_IMPLICIT_RETAIN_SELF = YES;
				CLANG_WARN_OBJC_LITERAL_CONVERSION = YES;
				CLANG_WARN_OBJC_ROOT_CLASS = YES_ERROR;
				CLANG_WARN_RANGE_LOOP_ANALYSIS = YES;
				CLANG_WARN_STRICT_PROTOTYPES = YES;
				CLANG_WARN_SUSPICIOUS_MOVE = YES;
				CLANG_WARN_UNGUARDED_AVAILABILITY = YES_AGGRESSIVE;
				CLANG_WARN_UNREACHABLE_CODE = YES;
				CLANG_WARN__DUPLICATE_METHOD_MATCH = YES;
				CODE_SIGN_IDENTITY = "iPhone Developer";
				COPY_PHASE_STRIP = NO;
				DEBUG_INFORMATION_FORMAT = dwarf;
				ENABLE_STRICT_OBJC_MSGSEND = YES;
				ENABLE_TESTABILITY = YES;
				GCC_C_LANGUAGE_STANDARD = gnu11;
				GCC_DYNAMIC_NO_PIC = NO;
				GCC_NO_COMMON_BLOCKS = YES;
				GCC_OPTIMIZATION_LEVEL = 0;
				GCC_PREPROCESSOR_DEFINITIONS = (
					"DEBUG=1",
					"$(inherited)",
				);
				GCC_WARN_64_TO_32_BIT_CONVERSION = YES;
				GCC_WARN_ABOUT_RETURN_TYPE = YES_ERROR;
				GCC_WARN_UNDECLARED_SELECTOR = YES;
				GCC_WARN_UNINITIALIZED_AUTOS = YES_AGGRESSIVE;
				GCC_WARN_UNUSED_FUNCTION = YES;
				GCC_WARN_UNUSED_VARIABLE = YES;
				IPHONEOS_DEPLOYMENT_TARGET = 12.2;
				MTL_ENABLE_DEBUG_INFO = INCLUDE_SOURCE;
				MTL_FAST_MATH = YES;
				ONLY_ACTIVE_ARCH = YES;
				SDKROOT = iphoneos;
				SWIFT_ACTIVE_COMPILATION_CONDITIONS = DEBUG;
				SWIFT_OPTIMIZATION_LEVEL = "-Onone";
			};
			name = Debug;
		};
		E6094AD222F414CE008407EA /* Release */ = {
			isa = XCBuildConfiguration;
			buildSettings = {
				ALWAYS_SEARCH_USER_PATHS = NO;
				CLANG_ANALYZER_NONNULL = YES;
				CLANG_ANALYZER_NUMBER_OBJECT_CONVERSION = YES_AGGRESSIVE;
				CLANG_CXX_LANGUAGE_STANDARD = "gnu++14";
				CLANG_CXX_LIBRARY = "libc++";
				CLANG_ENABLE_MODULES = YES;
				CLANG_ENABLE_OBJC_ARC = YES;
				CLANG_ENABLE_OBJC_WEAK = YES;
				CLANG_WARN_BLOCK_CAPTURE_AUTORELEASING = YES;
				CLANG_WARN_BOOL_CONVERSION = YES;
				CLANG_WARN_COMMA = YES;
				CLANG_WARN_CONSTANT_CONVERSION = YES;
				CLANG_WARN_DEPRECATED_OBJC_IMPLEMENTATIONS = YES;
				CLANG_WARN_DIRECT_OBJC_ISA_USAGE = YES_ERROR;
				CLANG_WARN_DOCUMENTATION_COMMENTS = YES;
				CLANG_WARN_EMPTY_BODY = YES;
				CLANG_WARN_ENUM_CONVERSION = YES;
				CLANG_WARN_INFINITE_RECURSION = YES;
				CLANG_WARN_INT_CONVERSION = YES;
				CLANG_WARN_NON_LITERAL_NULL_CONVERSION = YES;
				CLANG_WARN_OBJC_IMPLICIT_RETAIN_SELF = YES;
				CLANG_WARN_OBJC_LITERAL_CONVERSION = YES;
				CLANG_WARN_OBJC_ROOT_CLASS = YES_ERROR;
				CLANG_WARN_RANGE_LOOP_ANALYSIS = YES;
				CLANG_WARN_STRICT_PROTOTYPES = YES;
				CLANG_WARN_SUSPICIOUS_MOVE = YES;
				CLANG_WARN_UNGUARDED_AVAILABILITY = YES_AGGRESSIVE;
				CLANG_WARN_UNREACHABLE_CODE = YES;
				CLANG_WARN__DUPLICATE_METHOD_MATCH = YES;
				CODE_SIGN_IDENTITY = "iPhone Developer";
				COPY_PHASE_STRIP = NO;
				DEBUG_INFORMATION_FORMAT = "dwarf-with-dsym";
				ENABLE_NS_ASSERTIONS = NO;
				ENABLE_STRICT_OBJC_MSGSEND = YES;
				GCC_C_LANGUAGE_STANDARD = gnu11;
				GCC_NO_COMMON_BLOCKS = YES;
				GCC_WARN_64_TO_32_BIT_CONVERSION = YES;
				GCC_WARN_ABOUT_RETURN_TYPE = YES_ERROR;
				GCC_WARN_UNDECLARED_SELECTOR = YES;
				GCC_WARN_UNINITIALIZED_AUTOS = YES_AGGRESSIVE;
				GCC_WARN_UNUSED_FUNCTION = YES;
				GCC_WARN_UNUSED_VARIABLE = YES;
				IPHONEOS_DEPLOYMENT_TARGET = 12.2;
				MTL_ENABLE_DEBUG_INFO = NO;
				MTL_FAST_MATH = YES;
				SDKROOT = iphoneos;
				SWIFT_COMPILATION_MODE = wholemodule;
				SWIFT_OPTIMIZATION_LEVEL = "-O";
				VALIDATE_PRODUCT = YES;
			};
			name = Release;
		};
		E6094AD422F414CE008407EA /* Debug */ = {
			isa = XCBuildConfiguration;
			buildSettings = {
				ASSETCATALOG_COMPILER_APPICON_NAME = AppIcon;
				CODE_SIGN_STYLE = Automatic;
				DEVELOPMENT_TEAM = G4MM77V7NH;
				INFOPLIST_FILE = 190802MegaboxSettingExample/Info.plist;
				LD_RUNPATH_SEARCH_PATHS = (
					"$(inherited)",
					"@executable_path/Frameworks",
				);
				PRODUCT_BUNDLE_IDENTIFIER = org.suyeon.MegaboxSettingExample;
				PRODUCT_NAME = "$(TARGET_NAME)";
				SWIFT_VERSION = 5.0;
				TARGETED_DEVICE_FAMILY = "1,2";
			};
			name = Debug;
		};
		E6094AD522F414CE008407EA /* Release */ = {
			isa = XCBuildConfiguration;
			buildSettings = {
				ASSETCATALOG_COMPILER_APPICON_NAME = AppIcon;
				CODE_SIGN_STYLE = Automatic;
				DEVELOPMENT_TEAM = G4MM77V7NH;
				INFOPLIST_FILE = 190802MegaboxSettingExample/Info.plist;
				LD_RUNPATH_SEARCH_PATHS = (
					"$(inherited)",
					"@executable_path/Frameworks",
				);
				PRODUCT_BUNDLE_IDENTIFIER = org.suyeon.MegaboxSettingExample;
				PRODUCT_NAME = "$(TARGET_NAME)";
				SWIFT_VERSION = 5.0;
				TARGETED_DEVICE_FAMILY = "1,2";
			};
			name = Release;
		};
/* End XCBuildConfiguration section */

/* Begin XCConfigurationList section */
		E6094ABC22F414CC008407EA /* Build configuration list for PBXProject "190802MegaboxSettingExample" */ = {
			isa = XCConfigurationList;
			buildConfigurations = (
				E6094AD122F414CE008407EA /* Debug */,
				E6094AD222F414CE008407EA /* Release */,
			);
			defaultConfigurationIsVisible = 0;
			defaultConfigurationName = Release;
		};
		E6094AD322F414CE008407EA /* Build configuration list for PBXNativeTarget "190802MegaboxSettingExample" */ = {
			isa = XCConfigurationList;
			buildConfigurations = (
				E6094AD422F414CE008407EA /* Debug */,
				E6094AD522F414CE008407EA /* Release */,
			);
			defaultConfigurationIsVisible = 0;
			defaultConfigurationName = Release;
		};
/* End XCConfigurationList section */
	};
	rootObject = E6094AB922F414CC008407EA /* Project object */;
}
