// !$*UTF8*$!
{
	archiveVersion = 1;
	classes = {
	};
	objectVersion = 50;
	objects = {

/* Begin PBXBuildFile section */
		E61ED3C0231F853D000F7F4D /* AppDelegate.swift in Sources */ = {isa = PBXBuildFile; fileRef = E61ED3BF231F853D000F7F4D /* AppDelegate.swift */; };
		E61ED3C2231F853D000F7F4D /* ViewController.swift in Sources */ = {isa = PBXBuildFile; fileRef = E61ED3C1231F853D000F7F4D /* ViewController.swift */; };
		E61ED3C5231F853D000F7F4D /* Main.storyboard in Resources */ = {isa = PBXBuildFile; fileRef = E61ED3C3231F853D000F7F4D /* Main.storyboard */; };
		E61ED3C7231F853F000F7F4D /* Assets.xcassets in Resources */ = {isa = PBXBuildFile; fileRef = E61ED3C6231F853F000F7F4D /* Assets.xcassets */; };
		E61ED3CA231F853F000F7F4D /* LaunchScreen.storyboard in Resources */ = {isa = PBXBuildFile; fileRef = E61ED3C8231F853F000F7F4D /* LaunchScreen.storyboard */; };
		E61ED3D2231F8667000F7F4D /* ContentTableViewCell.swift in Sources */ = {isa = PBXBuildFile; fileRef = E61ED3D1231F8667000F7F4D /* ContentTableViewCell.swift */; };
		E61ED3D4231F8670000F7F4D /* FooterTableViewCell.swift in Sources */ = {isa = PBXBuildFile; fileRef = E61ED3D3231F8670000F7F4D /* FooterTableViewCell.swift */; };
		E61ED3D6231F8A8E000F7F4D /* HeaderTableViewCell.swift in Sources */ = {isa = PBXBuildFile; fileRef = E61ED3D5231F8A8E000F7F4D /* HeaderTableViewCell.swift */; };
/* End PBXBuildFile section */

/* Begin PBXFileReference section */
		E61ED3BC231F853D000F7F4D /* 190904CustomFooterExample.app */ = {isa = PBXFileReference; explicitFileType = wrapper.application; includeInIndex = 0; path = 190904CustomFooterExample.app; sourceTree = BUILT_PRODUCTS_DIR; };
		E61ED3BF231F853D000F7F4D /* AppDelegate.swift */ = {isa = PBXFileReference; lastKnownFileType = sourcecode.swift; path = AppDelegate.swift; sourceTree = "<group>"; };
		E61ED3C1231F853D000F7F4D /* ViewController.swift */ = {isa = PBXFileReference; lastKnownFileType = sourcecode.swift; path = ViewController.swift; sourceTree = "<group>"; };
		E61ED3C4231F853D000F7F4D /* Base */ = {isa = PBXFileReference; lastKnownFileType = file.storyboard; name = Base; path = Base.lproj/Main.storyboard; sourceTree = "<group>"; };
		E61ED3C6231F853F000F7F4D /* Assets.xcassets */ = {isa = PBXFileReference; lastKnownFileType = folder.assetcatalog; path = Assets.xcassets; sourceTree = "<group>"; };
		E61ED3C9231F853F000F7F4D /* Base */ = {isa = PBXFileReference; lastKnownFileType = file.storyboard; name = Base; path = Base.lproj/LaunchScreen.storyboard; sourceTree = "<group>"; };
		E61ED3CB231F853F000F7F4D /* Info.plist */ = {isa = PBXFileReference; lastKnownFileType = text.plist.xml; path = Info.plist; sourceTree = "<group>"; };
		E61ED3D1231F8667000F7F4D /* ContentTableViewCell.swift */ = {isa = PBXFileReference; lastKnownFileType = sourcecode.swift; path = ContentTableViewCell.swift; sourceTree = "<group>"; };
		E61ED3D3231F8670000F7F4D /* FooterTableViewCell.swift */ = {isa = PBXFileReference; lastKnownFileType = sourcecode.swift; path = FooterTableViewCell.swift; sourceTree = "<group>"; };
		E61ED3D5231F8A8E000F7F4D /* HeaderTableViewCell.swift */ = {isa = PBXFileReference; lastKnownFileType = sourcecode.swift; path = HeaderTableViewCell.swift; sourceTree = "<group>"; };
/* End PBXFileReference section */

/* Begin PBXFrameworksBuildPhase section */
		E61ED3B9231F853D000F7F4D /* Frameworks */ = {
			isa = PBXFrameworksBuildPhase;
			buildActionMask = 2147483647;
			files = (
			);
			runOnlyForDeploymentPostprocessing = 0;
		};
/* End PBXFrameworksBuildPhase section */

/* Begin PBXGroup section */
		E61ED3B3231F853D000F7F4D = {
			isa = PBXGroup;
			children = (
				E61ED3BE231F853D000F7F4D /* 190904CustomFooterExample */,
				E61ED3BD231F853D000F7F4D /* Products */,
			);
			sourceTree = "<group>";
		};
		E61ED3BD231F853D000F7F4D /* Products */ = {
			isa = PBXGroup;
			children = (
				E61ED3BC231F853D000F7F4D /* 190904CustomFooterExample.app */,
			);
			name = Products;
			sourceTree = "<group>";
		};
		E61ED3BE231F853D000F7F4D /* 190904CustomFooterExample */ = {
			isa = PBXGroup;
			children = (
				E61ED3BF231F853D000F7F4D /* AppDelegate.swift */,
				E61ED3C1231F853D000F7F4D /* ViewController.swift */,
				E61ED3D5231F8A8E000F7F4D /* HeaderTableViewCell.swift */,
				E61ED3D1231F8667000F7F4D /* ContentTableViewCell.swift */,
				E61ED3D3231F8670000F7F4D /* FooterTableViewCell.swift */,
				E61ED3C3231F853D000F7F4D /* Main.storyboard */,
				E61ED3C6231F853F000F7F4D /* Assets.xcassets */,
				E61ED3C8231F853F000F7F4D /* LaunchScreen.storyboard */,
				E61ED3CB231F853F000F7F4D /* Info.plist */,
			);
			path = 190904CustomFooterExample;
			sourceTree = "<group>";
		};
/* End PBXGroup section */

/* Begin PBXNativeTarget section */
		E61ED3BB231F853D000F7F4D /* 190904CustomFooterExample */ = {
			isa = PBXNativeTarget;
			buildConfigurationList = E61ED3CE231F853F000F7F4D /* Build configuration list for PBXNativeTarget "190904CustomFooterExample" */;
			buildPhases = (
				E61ED3B8231F853D000F7F4D /* Sources */,
				E61ED3B9231F853D000F7F4D /* Frameworks */,
				E61ED3BA231F853D000F7F4D /* Resources */,
			);
			buildRules = (
			);
			dependencies = (
			);
			name = 190904CustomFooterExample;
			productName = 190904CustomFooterExample;
			productReference = E61ED3BC231F853D000F7F4D /* 190904CustomFooterExample.app */;
			productType = "com.apple.product-type.application";
		};
/* End PBXNativeTarget section */

/* Begin PBXProject section */
		E61ED3B4231F853D000F7F4D /* Project object */ = {
			isa = PBXProject;
			attributes = {
				LastSwiftUpdateCheck = 1020;
				LastUpgradeCheck = 1020;
				ORGANIZATIONNAME = "차수연";
				TargetAttributes = {
					E61ED3BB231F853D000F7F4D = {
						CreatedOnToolsVersion = 10.2;
					};
				};
			};
			buildConfigurationList = E61ED3B7231F853D000F7F4D /* Build configuration list for PBXProject "190904CustomFooterExample" */;
			compatibilityVersion = "Xcode 9.3";
			developmentRegion = en;
			hasScannedForEncodings = 0;
			knownRegions = (
				en,
				Base,
			);
			mainGroup = E61ED3B3231F853D000F7F4D;
			productRefGroup = E61ED3BD231F853D000F7F4D /* Products */;
			projectDirPath = "";
			projectRoot = "";
			targets = (
				E61ED3BB231F853D000F7F4D /* 190904CustomFooterExample */,
			);
		};
/* End PBXProject section */

/* Begin PBXResourcesBuildPhase section */
		E61ED3BA231F853D000F7F4D /* Resources */ = {
			isa = PBXResourcesBuildPhase;
			buildActionMask = 2147483647;
			files = (
				E61ED3CA231F853F000F7F4D /* LaunchScreen.storyboard in Resources */,
				E61ED3C7231F853F000F7F4D /* Assets.xcassets in Resources */,
				E61ED3C5231F853D000F7F4D /* Main.storyboard in Resources */,
			);
			runOnlyForDeploymentPostprocessing = 0;
		};
/* End PBXResourcesBuildPhase section */

/* Begin PBXSourcesBuildPhase section */
		E61ED3B8231F853D000F7F4D /* Sources */ = {
			isa = PBXSourcesBuildPhase;
			buildActionMask = 2147483647;
			files = (
				E61ED3C2231F853D000F7F4D /* ViewController.swift in Sources */,
				E61ED3D6231F8A8E000F7F4D /* HeaderTableViewCell.swift in Sources */,
				E61ED3C0231F853D000F7F4D /* AppDelegate.swift in Sources */,
				E61ED3D4231F8670000F7F4D /* FooterTableViewCell.swift in Sources */,
				E61ED3D2231F8667000F7F4D /* ContentTableViewCell.swift in Sources */,
			);
			runOnlyForDeploymentPostprocessing = 0;
		};
/* End PBXSourcesBuildPhase section */

/* Begin PBXVariantGroup section */
		E61ED3C3231F853D000F7F4D /* Main.storyboard */ = {
			isa = PBXVariantGroup;
			children = (
				E61ED3C4231F853D000F7F4D /* Base */,
			);
			name = Main.storyboard;
			sourceTree = "<group>";
		};
		E61ED3C8231F853F000F7F4D /* LaunchScreen.storyboard */ = {
			isa = PBXVariantGroup;
			children = (
				E61ED3C9231F853F000F7F4D /* Base */,
			);
			name = LaunchScreen.storyboard;
			sourceTree = "<group>";
		};
/* End PBXVariantGroup section */

/* Begin XCBuildConfiguration section */
		E61ED3CC231F853F000F7F4D /* Debug */ = {
			isa = XCBuildConfiguration;
			buildSettings = {
				ALWAYS_SEARCH_USER_PATHS = NO;
				CLANG_ANALYZER_NONNULL = YES;
				CLANG_ANALYZER_NUMBER_OBJECT_CONVERSION = YES_AGGRESSIVE;
				CLANG_CXX_LANGUAGE_STANDARD = "gnu++14";
				CLANG_CXX_LIBRARY = "libc++";
				CLANG_ENABLE_MODULES = YES;
				CLANG_ENABLE_OBJC_ARC = YES;
				CLANG_ENABLE_OBJC_WEAK = YES;
				CLANG_WARN_BLOCK_CAPTURE_AUTORELEASING = YES;
				CLANG_WARN_BOOL_CONVERSION = YES;
				CLANG_WARN_COMMA = YES;
				CLANG_WARN_CONSTANT_CONVERSION = YES;
				CLANG_WARN_DEPRECATED_OBJC_IMPLEMENTATIONS = YES;
				CLANG_WARN_DIRECT_OBJC_ISA_USAGE = YES_ERROR;
				CLANG_WARN_DOCUMENTATION_COMMENTS = YES;
				CLANG_WARN_EMPTY_BODY = YES;
				CLANG_WARN_ENUM_CONVERSION = YES;
				CLANG_WARN_INFINITE_RECURSION = YES;
				CLANG_WARN_INT_CONVERSION = YES;
				CLANG_WARN_NON_LITERAL_NULL_CONVERSION = YES;
				CLANG_WARN_OBJC_IMPLICIT_RETAIN_SELF = YES;
				CLANG_WARN_OBJC_LITERAL_CONVERSION = YES;
				CLANG_WARN_OBJC_ROOT_CLASS = YES_ERROR;
				CLANG_WARN_RANGE_LOOP_ANALYSIS = YES;
				CLANG_WARN_STRICT_PROTOTYPES = YES;
				CLANG_WARN_SUSPICIOUS_MOVE = YES;
				CLANG_WARN_UNGUARDED_AVAILABILITY = YES_AGGRESSIVE;
				CLANG_WARN_UNREACHABLE_CODE = YES;
				CLANG_WARN__DUPLICATE_METHOD_MATCH = YES;
				CODE_SIGN_IDENTITY = "iPhone Developer";
				COPY_PHASE_STRIP = NO;
				DEBUG_INFORMATION_FORMAT = dwarf;
				ENABLE_STRICT_OBJC_MSGSEND = YES;
				ENABLE_TESTABILITY = YES;
				GCC_C_LANGUAGE_STANDARD = gnu11;
				GCC_DYNAMIC_NO_PIC = NO;
				GCC_NO_COMMON_BLOCKS = YES;
				GCC_OPTIMIZATION_LEVEL = 0;
				GCC_PREPROCESSOR_DEFINITIONS = (
					"DEBUG=1",
					"$(inherited)",
				);
				GCC_WARN_64_TO_32_BIT_CONVERSION = YES;
				GCC_WARN_ABOUT_RETURN_TYPE = YES_ERROR;
				GCC_WARN_UNDECLARED_SELECTOR = YES;
				GCC_WARN_UNINITIALIZED_AUTOS = YES_AGGRESSIVE;
				GCC_WARN_UNUSED_FUNCTION = YES;
				GCC_WARN_UNUSED_VARIABLE = YES;
				IPHONEOS_DEPLOYMENT_TARGET = 12.2;
				MTL_ENABLE_DEBUG_INFO = INCLUDE_SOURCE;
				MTL_FAST_MATH = YES;
				ONLY_ACTIVE_ARCH = YES;
				SDKROOT = iphoneos;
				SWIFT_ACTIVE_COMPILATION_CONDITIONS = DEBUG;
				SWIFT_OPTIMIZATION_LEVEL = "-Onone";
			};
			name = Debug;
		};
		E61ED3CD231F853F000F7F4D /* Release */ = {
			isa = XCBuildConfiguration;
			buildSettings = {
				ALWAYS_SEARCH_USER_PATHS = NO;
				CLANG_ANALYZER_NONNULL = YES;
				CLANG_ANALYZER_NUMBER_OBJECT_CONVERSION = YES_AGGRESSIVE;
				CLANG_CXX_LANGUAGE_STANDARD = "gnu++14";
				CLANG_CXX_LIBRARY = "libc++";
				CLANG_ENABLE_MODULES = YES;
				CLANG_ENABLE_OBJC_ARC = YES;
				CLANG_ENABLE_OBJC_WEAK = YES;
				CLANG_WARN_BLOCK_CAPTURE_AUTORELEASING = YES;
				CLANG_WARN_BOOL_CONVERSION = YES;
				CLANG_WARN_COMMA = YES;
				CLANG_WARN_CONSTANT_CONVERSION = YES;
				CLANG_WARN_DEPRECATED_OBJC_IMPLEMENTATIONS = YES;
				CLANG_WARN_DIRECT_OBJC_ISA_USAGE = YES_ERROR;
				CLANG_WARN_DOCUMENTATION_COMMENTS = YES;
				CLANG_WARN_EMPTY_BODY = YES;
				CLANG_WARN_ENUM_CONVERSION = YES;
				CLANG_WARN_INFINITE_RECURSION = YES;
				CLANG_WARN_INT_CONVERSION = YES;
				CLANG_WARN_NON_LITERAL_NULL_CONVERSION = YES;
				CLANG_WARN_OBJC_IMPLICIT_RETAIN_SELF = YES;
				CLANG_WARN_OBJC_LITERAL_CONVERSION = YES;
				CLANG_WARN_OBJC_ROOT_CLASS = YES_ERROR;
				CLANG_WARN_RANGE_LOOP_ANALYSIS = YES;
				CLANG_WARN_STRICT_PROTOTYPES = YES;
				CLANG_WARN_SUSPICIOUS_MOVE = YES;
				CLANG_WARN_UNGUARDED_AVAILABILITY = YES_AGGRESSIVE;
				CLANG_WARN_UNREACHABLE_CODE = YES;
				CLANG_WARN__DUPLICATE_METHOD_MATCH = YES;
				CODE_SIGN_IDENTITY = "iPhone Developer";
				COPY_PHASE_STRIP = NO;
				DEBUG_INFORMATION_FORMAT = "dwarf-with-dsym";
				ENABLE_NS_ASSERTIONS = NO;
				ENABLE_STRICT_OBJC_MSGSEND = YES;
				GCC_C_LANGUAGE_STANDARD = gnu11;
				GCC_NO_COMMON_BLOCKS = YES;
				GCC_WARN_64_TO_32_BIT_CONVERSION = YES;
				GCC_WARN_ABOUT_RETURN_TYPE = YES_ERROR;
				GCC_WARN_UNDECLARED_SELECTOR = YES;
				GCC_WARN_UNINITIALIZED_AUTOS = YES_AGGRESSIVE;
				GCC_WARN_UNUSED_FUNCTION = YES;
				GCC_WARN_UNUSED_VARIABLE = YES;
				IPHONEOS_DEPLOYMENT_TARGET = 12.2;
				MTL_ENABLE_DEBUG_INFO = NO;
				MTL_FAST_MATH = YES;
				SDKROOT = iphoneos;
				SWIFT_COMPILATION_MODE = wholemodule;
				SWIFT_OPTIMIZATION_LEVEL = "-O";
				VALIDATE_PRODUCT = YES;
			};
			name = Release;
		};
		E61ED3CF231F853F000F7F4D /* Debug */ = {
			isa = XCBuildConfiguration;
			buildSettings = {
				ASSETCATALOG_COMPILER_APPICON_NAME = AppIcon;
				CODE_SIGN_STYLE = Automatic;
				DEVELOPMENT_TEAM = 9D4CTT9QAX;
				INFOPLIST_FILE = 190904CustomFooterExample/Info.plist;
				LD_RUNPATH_SEARCH_PATHS = (
					"$(inherited)",
					"@executable_path/Frameworks",
				);
				PRODUCT_BUNDLE_IDENTIFIER = org.suyeon.CustomFooterExample;
				PRODUCT_NAME = "$(TARGET_NAME)";
				SWIFT_VERSION = 5.0;
				TARGETED_DEVICE_FAMILY = "1,2";
			};
			name = Debug;
		};
		E61ED3D0231F853F000F7F4D /* Release */ = {
			isa = XCBuildConfiguration;
			buildSettings = {
				ASSETCATALOG_COMPILER_APPICON_NAME = AppIcon;
				CODE_SIGN_STYLE = Automatic;
				DEVELOPMENT_TEAM = 9D4CTT9QAX;
				INFOPLIST_FILE = 190904CustomFooterExample/Info.plist;
				LD_RUNPATH_SEARCH_PATHS = (
					"$(inherited)",
					"@executable_path/Frameworks",
				);
				PRODUCT_BUNDLE_IDENTIFIER = org.suyeon.CustomFooterExample;
				PRODUCT_NAME = "$(TARGET_NAME)";
				SWIFT_VERSION = 5.0;
				TARGETED_DEVICE_FAMILY = "1,2";
			};
			name = Release;
		};
/* End XCBuildConfiguration section */

/* Begin XCConfigurationList section */
		E61ED3B7231F853D000F7F4D /* Build configuration list for PBXProject "190904CustomFooterExample" */ = {
			isa = XCConfigurationList;
			buildConfigurations = (
				E61ED3CC231F853F000F7F4D /* Debug */,
				E61ED3CD231F853F000F7F4D /* Release */,
			);
			defaultConfigurationIsVisible = 0;
			defaultConfigurationName = Release;
		};
		E61ED3CE231F853F000F7F4D /* Build configuration list for PBXNativeTarget "190904CustomFooterExample" */ = {
			isa = XCConfigurationList;
			buildConfigurations = (
				E61ED3CF231F853F000F7F4D /* Debug */,
				E61ED3D0231F853F000F7F4D /* Release */,
			);
			defaultConfigurationIsVisible = 0;
			defaultConfigurationName = Release;
		};
/* End XCConfigurationList section */
	};
	rootObject = E61ED3B4231F853D000F7F4D /* Project object */;
}
